
Microsoft Visual Studio Solution File, Format Version 12.00
# Visual Studio Version 17
VisualStudioVersion = 17.11.35431.28
MinimumVisualStudioVersion = 10.0.40219.1
Project("{FAE04EC0-301F-11D3-BF4B-00C04F79EFBC}") = "Notifyicon", "Notifyicon.csproj", "{3F42D4B3-5E29-4E8E-86A2-1858ACDDBBAD}"
EndProject
Global
	GlobalSection(SolutionConfigurationPlatforms) = preSolution
		Debug|Any CPU = Debug|Any CPU
		Release|Any CPU = Release|Any CPU
	EndGlobalSection
	GlobalSection(ProjectConfigurationPlatforms) = postSolution
		{3F42D4B3-5E29-4E8E-86A2-1858ACDDBBAD}.Debug|Any CPU.ActiveCfg = Debug|Any CPU
		{3F42D4B3-5E29-4E8E-86A2-1858ACDDBBAD}.Debug|Any CPU.Build.0 = Debug|Any CPU
		{3F42D4B3-5E29-4E8E-86A2-1858ACDDBBAD}.Release|Any CPU.ActiveCfg = Release|Any CPU
		{3F42D4B3-5E29-4E8E-86A2-1858ACDDBBAD}.Release|Any CPU.Build.0 = Release|Any CPU
	EndGlobalSection
	GlobalSection(SolutionProperties) = preSolution
		HideSolutionNode = FALSE
	EndGlobalSection
	GlobalSection(ExtensibilityGlobals) = postSolution
		SolutionGuid = {0DEC95D5-4B54-4DFB-8124-D7188DE859FD}
	EndGlobalSection
EndGlobal
